
Microsoft Visual Studio Solution File, Format Version 12.00
Project("{FAE04EC0-301F-11D3-BF4B-00C04F79EFBC}") = "HizzaCoinBackend", "HizzaCoinBackend\HizzaCoinBackend.csproj", "{B3DA681D-A13C-448B-A496-72DA242A926C}"
EndProject
Project("{2150E333-8FDC-42A3-9474-1A3956D46DE8}") = "Solution Items", "Solution Items", "{1AADBAAD-5621-4BDC-AFE2-F1399C7647B8}"
	ProjectSection(SolutionItems) = preProject
		compose.yaml = compose.yaml
	EndProjectSection
EndProject
Project("{FAE04EC0-301F-11D3-BF4B-00C04F79EFBC}") = "HizzaCoinBackendTests", "HizzaCoinBackendTests\HizzaCoinBackendTests.csproj", "{6A766FF4-4702-498D-8BE9-B115EF0D2EC1}"
EndProject
Global
	GlobalSection(SolutionConfigurationPlatforms) = preSolution
		Debug|Any CPU = Debug|Any CPU
		Release|Any CPU = Release|Any CPU
	EndGlobalSection
	GlobalSection(ProjectConfigurationPlatforms) = postSolution
		{B3DA681D-A13C-448B-A496-72DA242A926C}.Debug|Any CPU.ActiveCfg = Debug|Any CPU
		{B3DA681D-A13C-448B-A496-72DA242A926C}.Debug|Any CPU.Build.0 = Debug|Any CPU
		{B3DA681D-A13C-448B-A496-72DA242A926C}.Release|Any CPU.ActiveCfg = Release|Any CPU
		{B3DA681D-A13C-448B-A496-72DA242A926C}.Release|Any CPU.Build.0 = Release|Any CPU
		{6A766FF4-4702-498D-8BE9-B115EF0D2EC1}.Debug|Any CPU.ActiveCfg = Debug|Any CPU
		{6A766FF4-4702-498D-8BE9-B115EF0D2EC1}.Debug|Any CPU.Build.0 = Debug|Any CPU
		{6A766FF4-4702-498D-8BE9-B115EF0D2EC1}.Release|Any CPU.ActiveCfg = Release|Any CPU
		{6A766FF4-4702-498D-8BE9-B115EF0D2EC1}.Release|Any CPU.Build.0 = Release|Any CPU
	EndGlobalSection
EndGlobal
